
Microsoft Visual Studio Solution File, Format Version 12.00
# Visual Studio Version 17
VisualStudioVersion = 17.4.32804.182
MinimumVisualStudioVersion = 10.0.40219.1
Project("{FAE04EC0-301F-11D3-BF4B-00C04F79EFBC}") = "Program Embedder", "Program Embedder\Program Embedder.csproj", "{46018DD8-71BC-4BDB-88FB-2898F09CA9E4}"
EndProject
Global
	GlobalSection(SolutionConfigurationPlatforms) = preSolution
		Debug|Any CPU = Debug|Any CPU
		Release|Any CPU = Release|Any CPU
	EndGlobalSection
	GlobalSection(ProjectConfigurationPlatforms) = postSolution
		{46018DD8-71BC-4BDB-88FB-2898F09CA9E4}.Debug|Any CPU.ActiveCfg = Debug|Any CPU
		{46018DD8-71BC-4BDB-88FB-2898F09CA9E4}.Debug|Any CPU.Build.0 = Debug|Any CPU
		{46018DD8-71BC-4BDB-88FB-2898F09CA9E4}.Release|Any CPU.ActiveCfg = Release|Any CPU
		{46018DD8-71BC-4BDB-88FB-2898F09CA9E4}.Release|Any CPU.Build.0 = Release|Any CPU
	EndGlobalSection
	GlobalSection(SolutionProperties) = preSolution
		HideSolutionNode = FALSE
	EndGlobalSection
	GlobalSection(ExtensibilityGlobals) = postSolution
		SolutionGuid = {2166D4FF-E15D-4F79-85A5-81051AEF545A}
	EndGlobalSection
EndGlobal
